
Microsoft Visual Studio Solution File, Format Version 12.00
# Visual Studio Version 17
VisualStudioVersion = 17.5.33414.496
MinimumVisualStudioVersion = 10.0.40219.1
Project("{9A19103F-16F7-4668-BE54-9A1E7A4F7556}") = "Lesson", "Lesson\Lesson.csproj", "{CD5FEC37-20D9-4053-A833-90C59C164BDD}"
EndProject
Project("{9A19103F-16F7-4668-BE54-9A1E7A4F7556}") = "ClassTest", "ClassTest\ClassTest.csproj", "{414C5144-5B02-4217-BCB3-2F8749D0AB1B}"
EndProject
Project("{9A19103F-16F7-4668-BE54-9A1E7A4F7556}") = "Shabat", "Shabat\Shabat.csproj", "{CF922CC0-9352-4667-B161-9F7133BB7191}"
EndProject
Project("{9A19103F-16F7-4668-BE54-9A1E7A4F7556}") = "Shabat1", "Shabat1\Shabat1.csproj", "{45A52818-B03C-4903-95A1-81967050DEF1}"
EndProject
Project("{9A19103F-16F7-4668-BE54-9A1E7A4F7556}") = "Lesson10", "Lesson10\Lesson10.csproj", "{84F4AD1D-27AF-4057-98D6-D703B22038CB}"
EndProject
Project("{9A19103F-16F7-4668-BE54-9A1E7A4F7556}") = "Registration", "Registration\Registration.csproj", "{D4774C61-681F-4AE1-B6DE-07A7E0FF24F7}"
EndProject
Project("{9A19103F-16F7-4668-BE54-9A1E7A4F7556}") = "Lesson11", "Lesson11\Lesson11.csproj", "{4C3D10F8-0C0B-44CD-811F-15FC0FADAB46}"
EndProject
Project("{9A19103F-16F7-4668-BE54-9A1E7A4F7556}") = "OOP1", "OOP1\OOP1.csproj", "{47A0B975-BC3C-4622-AE56-4C15BD4B23C1}"
EndProject
Project("{9A19103F-16F7-4668-BE54-9A1E7A4F7556}") = "OOP2", "OOP2\OOP2.csproj", "{BE34846F-BA14-48BD-B6A5-09FAEEA6B45B}"
EndProject
Project("{9A19103F-16F7-4668-BE54-9A1E7A4F7556}") = "OOP2_2", "OOP2_2\OOP2_2.csproj", "{E2857D5D-91BF-445F-BE03-A95750D6A9E1}"
EndProject
Project("{9A19103F-16F7-4668-BE54-9A1E7A4F7556}") = "OOP3", "OOP3\OOP3.csproj", "{B700AAF8-2ACA-435F-88C7-99A80C962E70}"
EndProject
Project("{9A19103F-16F7-4668-BE54-9A1E7A4F7556}") = "OOP3_2", "OOP3_2\OOP3_2.csproj", "{674E5F3C-4690-4222-B12B-8BEEDD5B9A69}"
EndProject
Project("{9A19103F-16F7-4668-BE54-9A1E7A4F7556}") = "OOP_4", "NoteBookMarket\OOP_4.csproj", "{6D24A366-90AA-4F68-918F-EDE55503C42E}"
EndProject
Project("{9A19103F-16F7-4668-BE54-9A1E7A4F7556}") = "OOP_4_2", "OOP_4_2\OOP_4_2.csproj", "{9197E5EA-135D-4BF8-B84E-EDEC5F4BE479}"
EndProject
Project("{9A19103F-16F7-4668-BE54-9A1E7A4F7556}") = "OOP_4_3", "OOP_4_3\OOP_4_3.csproj", "{F079DB76-8199-436E-9E31-791E426F0137}"
EndProject
Project("{9A19103F-16F7-4668-BE54-9A1E7A4F7556}") = "OOP_5", "OOP_5\OOP_5.csproj", "{7A9A2532-433B-4E32-9E5D-769B26EB4CAA}"
EndProject
Project("{9A19103F-16F7-4668-BE54-9A1E7A4F7556}") = "OOP_6", "OOP_6\OOP_6.csproj", "{043BE75A-E8A8-4027-8CE4-D8F7739A8A2B}"
EndProject
Project("{9A19103F-16F7-4668-BE54-9A1E7A4F7556}") = "OOP_6_2", "OOP_6_2\OOP_6_2.csproj", "{5A472C35-B447-4C33-B3BE-9719AF171F11}"
EndProject
Project("{9A19103F-16F7-4668-BE54-9A1E7A4F7556}") = "OOP_7", "OOP_7\OOP_7.csproj", "{EB4FD0F3-6FB7-4501-B5E8-84546718C119}"
EndProject
Project("{FAE04EC0-301F-11D3-BF4B-00C04F79EFBC}") = "OOP_8", "OOP_8\OOP_8.csproj", "{3CC89FD7-5880-44BD-B1C7-F17B29DEA8CB}"
EndProject
Global
	GlobalSection(SolutionConfigurationPlatforms) = preSolution
		Debug|Any CPU = Debug|Any CPU
		Release|Any CPU = Release|Any CPU
	EndGlobalSection
	GlobalSection(ProjectConfigurationPlatforms) = postSolution
		{CD5FEC37-20D9-4053-A833-90C59C164BDD}.Debug|Any CPU.ActiveCfg = Debug|Any CPU
		{CD5FEC37-20D9-4053-A833-90C59C164BDD}.Debug|Any CPU.Build.0 = Debug|Any CPU
		{CD5FEC37-20D9-4053-A833-90C59C164BDD}.Release|Any CPU.ActiveCfg = Release|Any CPU
		{CD5FEC37-20D9-4053-A833-90C59C164BDD}.Release|Any CPU.Build.0 = Release|Any CPU
		{414C5144-5B02-4217-BCB3-2F8749D0AB1B}.Debug|Any CPU.ActiveCfg = Debug|Any CPU
		{414C5144-5B02-4217-BCB3-2F8749D0AB1B}.Debug|Any CPU.Build.0 = Debug|Any CPU
		{414C5144-5B02-4217-BCB3-2F8749D0AB1B}.Release|Any CPU.ActiveCfg = Release|Any CPU
		{414C5144-5B02-4217-BCB3-2F8749D0AB1B}.Release|Any CPU.Build.0 = Release|Any CPU
		{CF922CC0-9352-4667-B161-9F7133BB7191}.Debug|Any CPU.ActiveCfg = Debug|Any CPU
		{CF922CC0-9352-4667-B161-9F7133BB7191}.Debug|Any CPU.Build.0 = Debug|Any CPU
		{CF922CC0-9352-4667-B161-9F7133BB7191}.Release|Any CPU.ActiveCfg = Release|Any CPU
		{CF922CC0-9352-4667-B161-9F7133BB7191}.Release|Any CPU.Build.0 = Release|Any CPU
		{45A52818-B03C-4903-95A1-81967050DEF1}.Debug|Any CPU.ActiveCfg = Debug|Any CPU
		{45A52818-B03C-4903-95A1-81967050DEF1}.Debug|Any CPU.Build.0 = Debug|Any CPU
		{45A52818-B03C-4903-95A1-81967050DEF1}.Release|Any CPU.ActiveCfg = Release|Any CPU
		{45A52818-B03C-4903-95A1-81967050DEF1}.Release|Any CPU.Build.0 = Release|Any CPU
		{84F4AD1D-27AF-4057-98D6-D703B22038CB}.Debug|Any CPU.ActiveCfg = Debug|Any CPU
		{84F4AD1D-27AF-4057-98D6-D703B22038CB}.Debug|Any CPU.Build.0 = Debug|Any CPU
		{84F4AD1D-27AF-4057-98D6-D703B22038CB}.Release|Any CPU.ActiveCfg = Release|Any CPU
		{84F4AD1D-27AF-4057-98D6-D703B22038CB}.Release|Any CPU.Build.0 = Release|Any CPU
		{D4774C61-681F-4AE1-B6DE-07A7E0FF24F7}.Debug|Any CPU.ActiveCfg = Debug|Any CPU
		{D4774C61-681F-4AE1-B6DE-07A7E0FF24F7}.Debug|Any CPU.Build.0 = Debug|Any CPU
		{D4774C61-681F-4AE1-B6DE-07A7E0FF24F7}.Release|Any CPU.ActiveCfg = Release|Any CPU
		{D4774C61-681F-4AE1-B6DE-07A7E0FF24F7}.Release|Any CPU.Build.0 = Release|Any CPU
		{4C3D10F8-0C0B-44CD-811F-15FC0FADAB46}.Debug|Any CPU.ActiveCfg = Debug|Any CPU
		{4C3D10F8-0C0B-44CD-811F-15FC0FADAB46}.Debug|Any CPU.Build.0 = Debug|Any CPU
		{4C3D10F8-0C0B-44CD-811F-15FC0FADAB46}.Release|Any CPU.ActiveCfg = Release|Any CPU
		{4C3D10F8-0C0B-44CD-811F-15FC0FADAB46}.Release|Any CPU.Build.0 = Release|Any CPU
		{47A0B975-BC3C-4622-AE56-4C15BD4B23C1}.Debug|Any CPU.ActiveCfg = Debug|Any CPU
		{47A0B975-BC3C-4622-AE56-4C15BD4B23C1}.Debug|Any CPU.Build.0 = Debug|Any CPU
		{47A0B975-BC3C-4622-AE56-4C15BD4B23C1}.Release|Any CPU.ActiveCfg = Release|Any CPU
		{47A0B975-BC3C-4622-AE56-4C15BD4B23C1}.Release|Any CPU.Build.0 = Release|Any CPU
		{BE34846F-BA14-48BD-B6A5-09FAEEA6B45B}.Debug|Any CPU.ActiveCfg = Debug|Any CPU
		{BE34846F-BA14-48BD-B6A5-09FAEEA6B45B}.Debug|Any CPU.Build.0 = Debug|Any CPU
		{BE34846F-BA14-48BD-B6A5-09FAEEA6B45B}.Release|Any CPU.ActiveCfg = Release|Any CPU
		{BE34846F-BA14-48BD-B6A5-09FAEEA6B45B}.Release|Any CPU.Build.0 = Release|Any CPU
		{E2857D5D-91BF-445F-BE03-A95750D6A9E1}.Debug|Any CPU.ActiveCfg = Debug|Any CPU
		{E2857D5D-91BF-445F-BE03-A95750D6A9E1}.Debug|Any CPU.Build.0 = Debug|Any CPU
		{E2857D5D-91BF-445F-BE03-A95750D6A9E1}.Release|Any CPU.ActiveCfg = Release|Any CPU
		{E2857D5D-91BF-445F-BE03-A95750D6A9E1}.Release|Any CPU.Build.0 = Release|Any CPU
		{B700AAF8-2ACA-435F-88C7-99A80C962E70}.Debug|Any CPU.ActiveCfg = Debug|Any CPU
		{B700AAF8-2ACA-435F-88C7-99A80C962E70}.Debug|Any CPU.Build.0 = Debug|Any CPU
		{B700AAF8-2ACA-435F-88C7-99A80C962E70}.Release|Any CPU.ActiveCfg = Release|Any CPU
		{B700AAF8-2ACA-435F-88C7-99A80C962E70}.Release|Any CPU.Build.0 = Release|Any CPU
		{674E5F3C-4690-4222-B12B-8BEEDD5B9A69}.Debug|Any CPU.ActiveCfg = Debug|Any CPU
		{674E5F3C-4690-4222-B12B-8BEEDD5B9A69}.Debug|Any CPU.Build.0 = Debug|Any CPU
		{674E5F3C-4690-4222-B12B-8BEEDD5B9A69}.Release|Any CPU.ActiveCfg = Release|Any CPU
		{674E5F3C-4690-4222-B12B-8BEEDD5B9A69}.Release|Any CPU.Build.0 = Release|Any CPU
		{6D24A366-90AA-4F68-918F-EDE55503C42E}.Debug|Any CPU.ActiveCfg = Debug|Any CPU
		{6D24A366-90AA-4F68-918F-EDE55503C42E}.Debug|Any CPU.Build.0 = Debug|Any CPU
		{6D24A366-90AA-4F68-918F-EDE55503C42E}.Release|Any CPU.ActiveCfg = Release|Any CPU
		{6D24A366-90AA-4F68-918F-EDE55503C42E}.Release|Any CPU.Build.0 = Release|Any CPU
		{9197E5EA-135D-4BF8-B84E-EDEC5F4BE479}.Debug|Any CPU.ActiveCfg = Debug|Any CPU
		{9197E5EA-135D-4BF8-B84E-EDEC5F4BE479}.Debug|Any CPU.Build.0 = Debug|Any CPU
		{9197E5EA-135D-4BF8-B84E-EDEC5F4BE479}.Release|Any CPU.ActiveCfg = Release|Any CPU
		{9197E5EA-135D-4BF8-B84E-EDEC5F4BE479}.Release|Any CPU.Build.0 = Release|Any CPU
		{F079DB76-8199-436E-9E31-791E426F0137}.Debug|Any CPU.ActiveCfg = Debug|Any CPU
		{F079DB76-8199-436E-9E31-791E426F0137}.Debug|Any CPU.Build.0 = Debug|Any CPU
		{F079DB76-8199-436E-9E31-791E426F0137}.Release|Any CPU.ActiveCfg = Release|Any CPU
		{F079DB76-8199-436E-9E31-791E426F0137}.Release|Any CPU.Build.0 = Release|Any CPU
		{7A9A2532-433B-4E32-9E5D-769B26EB4CAA}.Debug|Any CPU.ActiveCfg = Debug|Any CPU
		{7A9A2532-433B-4E32-9E5D-769B26EB4CAA}.Debug|Any CPU.Build.0 = Debug|Any CPU
		{7A9A2532-433B-4E32-9E5D-769B26EB4CAA}.Release|Any CPU.ActiveCfg = Release|Any CPU
		{7A9A2532-433B-4E32-9E5D-769B26EB4CAA}.Release|Any CPU.Build.0 = Release|Any CPU
		{043BE75A-E8A8-4027-8CE4-D8F7739A8A2B}.Debug|Any CPU.ActiveCfg = Debug|Any CPU
		{043BE75A-E8A8-4027-8CE4-D8F7739A8A2B}.Debug|Any CPU.Build.0 = Debug|Any CPU
		{043BE75A-E8A8-4027-8CE4-D8F7739A8A2B}.Release|Any CPU.ActiveCfg = Release|Any CPU
		{043BE75A-E8A8-4027-8CE4-D8F7739A8A2B}.Release|Any CPU.Build.0 = Release|Any CPU
		{5A472C35-B447-4C33-B3BE-9719AF171F11}.Debug|Any CPU.ActiveCfg = Debug|Any CPU
		{5A472C35-B447-4C33-B3BE-9719AF171F11}.Debug|Any CPU.Build.0 = Debug|Any CPU
		{5A472C35-B447-4C33-B3BE-9719AF171F11}.Release|Any CPU.ActiveCfg = Release|Any CPU
		{5A472C35-B447-4C33-B3BE-9719AF171F11}.Release|Any CPU.Build.0 = Release|Any CPU
		{EB4FD0F3-6FB7-4501-B5E8-84546718C119}.Debug|Any CPU.ActiveCfg = Debug|Any CPU
		{EB4FD0F3-6FB7-4501-B5E8-84546718C119}.Debug|Any CPU.Build.0 = Debug|Any CPU
		{EB4FD0F3-6FB7-4501-B5E8-84546718C119}.Release|Any CPU.ActiveCfg = Release|Any CPU
		{EB4FD0F3-6FB7-4501-B5E8-84546718C119}.Release|Any CPU.Build.0 = Release|Any CPU
		{3CC89FD7-5880-44BD-B1C7-F17B29DEA8CB}.Debug|Any CPU.ActiveCfg = Debug|Any CPU
		{3CC89FD7-5880-44BD-B1C7-F17B29DEA8CB}.Debug|Any CPU.Build.0 = Debug|Any CPU
		{3CC89FD7-5880-44BD-B1C7-F17B29DEA8CB}.Release|Any CPU.ActiveCfg = Release|Any CPU
		{3CC89FD7-5880-44BD-B1C7-F17B29DEA8CB}.Release|Any CPU.Build.0 = Release|Any CPU
	EndGlobalSection
	GlobalSection(SolutionProperties) = preSolution
		HideSolutionNode = FALSE
	EndGlobalSection
	GlobalSection(ExtensibilityGlobals) = postSolution
		SolutionGuid = {A7E60205-2495-454E-8070-C0117E36BABF}
	EndGlobalSection
EndGlobal
